
Microsoft Visual Studio Solution File, Format Version 12.00
# Visual Studio 15
VisualStudioVersion = 15.0.28307.1082
MinimumVisualStudioVersion = 10.0.40219.1
Project("{FAE04EC0-301F-11D3-BF4B-00C04F79EFBC}") = "ModbusTest", "ModbusTest\ModbusTest.csproj", "{AF5BFA53-F91D-445F-A1CE-CDB6FD012AB5}"
EndProject
Global
	GlobalSection(SolutionConfigurationPlatforms) = preSolution
		Debug|Any CPU = Debug|Any CPU
		Release|Any CPU = Release|Any CPU
	EndGlobalSection
	GlobalSection(ProjectConfigurationPlatforms) = postSolution
		{AF5BFA53-F91D-445F-A1CE-CDB6FD012AB5}.Debug|Any CPU.ActiveCfg = Debug|Any CPU
		{AF5BFA53-F91D-445F-A1CE-CDB6FD012AB5}.Debug|Any CPU.Build.0 = Debug|Any CPU
		{AF5BFA53-F91D-445F-A1CE-CDB6FD012AB5}.Release|Any CPU.ActiveCfg = Release|Any CPU
		{AF5BFA53-F91D-445F-A1CE-CDB6FD012AB5}.Release|Any CPU.Build.0 = Release|Any CPU
	EndGlobalSection
	GlobalSection(SolutionProperties) = preSolution
		HideSolutionNode = FALSE
	EndGlobalSection
	GlobalSection(ExtensibilityGlobals) = postSolution
		SolutionGuid = {13DBD738-CB87-4AF5-8FEF-8B25AD804482}
	EndGlobalSection
EndGlobal
