
Microsoft Visual Studio Solution File, Format Version 12.00
# Visual Studio 15
VisualStudioVersion = 15.0.28307.1082
MinimumVisualStudioVersion = 10.0.40219.1
Project("{FAE04EC0-301F-11D3-BF4B-00C04F79EFBC}") = "UDPAsyncResultCallback", "UDPAsyncResultCallback\UDPAsyncResultCallback.csproj", "{C80667B5-6274-4CC9-BF6E-DFE1EE1AB1BB}"
EndProject
Global
	GlobalSection(SolutionConfigurationPlatforms) = preSolution
		Debug|Any CPU = Debug|Any CPU
		Release|Any CPU = Release|Any CPU
	EndGlobalSection
	GlobalSection(ProjectConfigurationPlatforms) = postSolution
		{C80667B5-6274-4CC9-BF6E-DFE1EE1AB1BB}.Debug|Any CPU.ActiveCfg = Debug|Any CPU
		{C80667B5-6274-4CC9-BF6E-DFE1EE1AB1BB}.Debug|Any CPU.Build.0 = Debug|Any CPU
		{C80667B5-6274-4CC9-BF6E-DFE1EE1AB1BB}.Release|Any CPU.ActiveCfg = Release|Any CPU
		{C80667B5-6274-4CC9-BF6E-DFE1EE1AB1BB}.Release|Any CPU.Build.0 = Release|Any CPU
	EndGlobalSection
	GlobalSection(SolutionProperties) = preSolution
		HideSolutionNode = FALSE
	EndGlobalSection
	GlobalSection(ExtensibilityGlobals) = postSolution
		SolutionGuid = {72233E9C-5DD6-4737-A128-00E645137D0C}
	EndGlobalSection
EndGlobal
